// !$*UTF8*$!
{
	archiveVersion = 1;
	classes = {
	};
	objectVersion = 56;
	objects = {

/* Begin PBXBuildFile section */
		CE02A1682BE3119600A8F0A0 /* TopicService.swift in Sources */ = {isa = PBXBuildFile; fileRef = CE02A1672BE3119600A8F0A0 /* TopicService.swift */; };
		CE1BAADD2C0A8EB60016C0C1 /* AudioHelper.swift in Sources */ = {isa = PBXBuildFile; fileRef = CE1BAADC2C0A8EB60016C0C1 /* AudioHelper.swift */; };
		CE1BAAE32C0A936C0016C0C1 /* error-sound.mp3 in Resources */ = {isa = PBXBuildFile; fileRef = CE1BAAE22C0A936C0016C0C1 /* error-sound.mp3 */; };
		CE4D550D2BE9A2B00068D8BA /* AudioSessionManager.swift in Sources */ = {isa = PBXBuildFile; fileRef = CE4D550C2BE9A2B00068D8BA /* AudioSessionManager.swift */; };
		CE4D550F2BEA79400068D8BA /* ItemService.swift in Sources */ = {isa = PBXBuildFile; fileRef = CE4D550E2BEA79400068D8BA /* ItemService.swift */; };
		CE4D55152BEAEB5B0068D8BA /* restartApp.swift in Sources */ = {isa = PBXBuildFile; fileRef = CE4D55142BEAEB5B0068D8BA /* restartApp.swift */; };
		CE4D55172BEAEC350068D8BA /* AppManager.swift in Sources */ = {isa = PBXBuildFile; fileRef = CE4D55162BEAEC350068D8BA /* AppManager.swift */; };
		CE4D551A2BEC38A30068D8BA /* TUSKit in Frameworks */ = {isa = PBXBuildFile; productRef = CE4D55192BEC38A30068D8BA /* TUSKit */; };
		CE4D551C2BEC432F0068D8BA /* TUSClientManager.swift in Sources */ = {isa = PBXBuildFile; fileRef = CE4D551B2BEC432F0068D8BA /* TUSClientManager.swift */; };
		CE5DFC9A2C0771E5009E2633 /* .gitignore in Resources */ = {isa = PBXBuildFile; fileRef = CE5DFC992C0771E5009E2633 /* .gitignore */; };
		CEA596B92BD9687700656E03 /* StoryboxApp.swift in Sources */ = {isa = PBXBuildFile; fileRef = CEA596B82BD9687700656E03 /* StoryboxApp.swift */; };
		CEA596BD2BD9687800656E03 /* Assets.xcassets in Resources */ = {isa = PBXBuildFile; fileRef = CEA596BC2BD9687800656E03 /* Assets.xcassets */; };
		CEA596C02BD9687800656E03 /* Preview Assets.xcassets in Resources */ = {isa = PBXBuildFile; fileRef = CEA596BF2BD9687800656E03 /* Preview Assets.xcassets */; };
		CEA596D62BD982EE00656E03 /* ColorPalette.swift in Sources */ = {isa = PBXBuildFile; fileRef = CEA596D52BD982EE00656E03 /* ColorPalette.swift */; };
		CEA596DC2BD9868200656E03 /* Typography.swift in Sources */ = {isa = PBXBuildFile; fileRef = CEA596DB2BD9868200656E03 /* Typography.swift */; };
		CEA596E12BD990FC00656E03 /* WelcomeView.swift in Sources */ = {isa = PBXBuildFile; fileRef = CEA596E02BD990FC00656E03 /* WelcomeView.swift */; };
		CEA596E42BD9979600656E03 /* IntroVideoView.swift in Sources */ = {isa = PBXBuildFile; fileRef = CEA596E32BD9979600656E03 /* IntroVideoView.swift */; };
		CEA596EB2BD9BC7D00656E03 /* UserDataInputView.swift in Sources */ = {isa = PBXBuildFile; fileRef = CEA596EA2BD9BC7D00656E03 /* UserDataInputView.swift */; };
		CEA596EF2BD9C59B00656E03 /* ChooseTopicView.swift in Sources */ = {isa = PBXBuildFile; fileRef = CEA596EE2BD9C59B00656E03 /* ChooseTopicView.swift */; };
		CEA596F12BD9C86F00656E03 /* CameraSettingsView.swift in Sources */ = {isa = PBXBuildFile; fileRef = CEA596F02BD9C86F00656E03 /* CameraSettingsView.swift */; };
		CEA596F32BD9CF0800656E03 /* AnswerQuestionView.swift in Sources */ = {isa = PBXBuildFile; fileRef = CEA596F22BD9CF0800656E03 /* AnswerQuestionView.swift */; };
		CEA596F52BD9D1EA00656E03 /* ConfirmAnswerView.swift in Sources */ = {isa = PBXBuildFile; fileRef = CEA596F42BD9D1EA00656E03 /* ConfirmAnswerView.swift */; };
		CEA596F72BD9D3DC00656E03 /* ThankYouView.swift in Sources */ = {isa = PBXBuildFile; fileRef = CEA596F62BD9D3DC00656E03 /* ThankYouView.swift */; };
		CEA596F92BDAFF4000656E03 /* AppState.swift in Sources */ = {isa = PBXBuildFile; fileRef = CEA596F82BDAFF4000656E03 /* AppState.swift */; };
		CEA596FB2BDAFF7800656E03 /* ContentView.swift in Sources */ = {isa = PBXBuildFile; fileRef = CEA596FA2BDAFF7800656E03 /* ContentView.swift */; };
		CEA596FD2BDB1BD000656E03 /* CameraPreview.swift in Sources */ = {isa = PBXBuildFile; fileRef = CEA596FC2BDB1BD000656E03 /* CameraPreview.swift */; };
		CEA596FF2BDB2F3300656E03 /* CameraSessionManager.swift in Sources */ = {isa = PBXBuildFile; fileRef = CEA596FE2BDB2F3300656E03 /* CameraSessionManager.swift */; };
		CEA597092BDC780900656E03 /* FileURLManager.swift in Sources */ = {isa = PBXBuildFile; fileRef = CEA597082BDC780900656E03 /* FileURLManager.swift */; };
		CEA597132BDE9E7800656E03 /* KeyboardInstructionsView.swift in Sources */ = {isa = PBXBuildFile; fileRef = CEA597122BDE9E7800656E03 /* KeyboardInstructionsView.swift */; };
		CEA597182BDED16C00656E03 /* NoAccessoryTextField.swift in Sources */ = {isa = PBXBuildFile; fileRef = CEA597172BDED16C00656E03 /* NoAccessoryTextField.swift */; };
		CEA5971A2BDF01D600656E03 /* CustomVideoPlayer.swift in Sources */ = {isa = PBXBuildFile; fileRef = CEA597192BDF01D600656E03 /* CustomVideoPlayer.swift */; };
		CEA5971C2BE1B3E300656E03 /* AdminSettings.swift in Sources */ = {isa = PBXBuildFile; fileRef = CEA5971B2BE1B3E300656E03 /* AdminSettings.swift */; };
		CEA5971E2BE1B41600656E03 /* AdminUpload.swift in Sources */ = {isa = PBXBuildFile; fileRef = CEA5971D2BE1B41600656E03 /* AdminUpload.swift */; };
		CEA597202BE1BA8600656E03 /* PrimaryButton.swift in Sources */ = {isa = PBXBuildFile; fileRef = CEA5971F2BE1BA8600656E03 /* PrimaryButton.swift */; };
		CEA597272BE1CBB100656E03 /* golos-ui_bold.ttf in Resources */ = {isa = PBXBuildFile; fileRef = CEA597252BE1C77100656E03 /* golos-ui_bold.ttf */; };
		CEA597282BE1CBB600656E03 /* golos-ui_regular.ttf in Resources */ = {isa = PBXBuildFile; fileRef = CEA597262BE1C78D00656E03 /* golos-ui_regular.ttf */; };
		CEA5972C2BE1E8C100656E03 /* Literata_36pt-Medium.ttf in Resources */ = {isa = PBXBuildFile; fileRef = CEA5972B2BE1E8AD00656E03 /* Literata_36pt-Medium.ttf */; };
		CEC8A31A2BE3380100702736 /* QuestionService.swift in Sources */ = {isa = PBXBuildFile; fileRef = CEC8A3192BE3380100702736 /* QuestionService.swift */; };
		CEC8A31C2BE3FE3100702736 /* AdminSettingsManager.swift in Sources */ = {isa = PBXBuildFile; fileRef = CEC8A31B2BE3FE3100702736 /* AdminSettingsManager.swift */; };
		CEC8A31E2BE42EC300702736 /* NSSecureUnarchiveFromDataTransformer.swift in Sources */ = {isa = PBXBuildFile; fileRef = CEC8A31D2BE42EC300702736 /* NSSecureUnarchiveFromDataTransformer.swift */; };
		CECA4C5D2BE29989003A09FE /* ProvenanceService.swift in Sources */ = {isa = PBXBuildFile; fileRef = CECA4C5C2BE29989003A09FE /* ProvenanceService.swift */; };
		CECA4C622BE29C01003A09FE /* PersistentStore.swift in Sources */ = {isa = PBXBuildFile; fileRef = CECA4C612BE29C01003A09FE /* PersistentStore.swift */; };
		CECA4C652BE29DF2003A09FE /* StoryboxModel.xcdatamodeld in Sources */ = {isa = PBXBuildFile; fileRef = CECA4C632BE29DF2003A09FE /* StoryboxModel.xcdatamodeld */; };
		CEEA9BC22BF13BD3001E5526 /* IntroVideo.mp4 in Resources */ = {isa = PBXBuildFile; fileRef = CEEA9BC12BF13AB6001E5526 /* IntroVideo.mp4 */; };
		CEEA9BC42BF13E7F001E5526 /* LegalDocumentsView.swift in Sources */ = {isa = PBXBuildFile; fileRef = CEEA9BC32BF13E7F001E5526 /* LegalDocumentsView.swift */; };
		CEEA9BC62BF154A5001E5526 /* WebView.swift in Sources */ = {isa = PBXBuildFile; fileRef = CEEA9BC52BF154A5001E5526 /* WebView.swift */; };
/* End PBXBuildFile section */

/* Begin PBXFileReference section */
		CE02A1672BE3119600A8F0A0 /* TopicService.swift */ = {isa = PBXFileReference; lastKnownFileType = sourcecode.swift; path = TopicService.swift; sourceTree = "<group>"; };
		CE1BAADC2C0A8EB60016C0C1 /* AudioHelper.swift */ = {isa = PBXFileReference; lastKnownFileType = sourcecode.swift; path = AudioHelper.swift; sourceTree = "<group>"; };
		CE1BAAE22C0A936C0016C0C1 /* error-sound.mp3 */ = {isa = PBXFileReference; lastKnownFileType = audio.mp3; path = "error-sound.mp3"; sourceTree = "<group>"; };
		CE4D550C2BE9A2B00068D8BA /* AudioSessionManager.swift */ = {isa = PBXFileReference; lastKnownFileType = sourcecode.swift; path = AudioSessionManager.swift; sourceTree = "<group>"; };
		CE4D550E2BEA79400068D8BA /* ItemService.swift */ = {isa = PBXFileReference; lastKnownFileType = sourcecode.swift; path = ItemService.swift; sourceTree = "<group>"; };
		CE4D55142BEAEB5B0068D8BA /* restartApp.swift */ = {isa = PBXFileReference; lastKnownFileType = sourcecode.swift; path = restartApp.swift; sourceTree = "<group>"; };
		CE4D55162BEAEC350068D8BA /* AppManager.swift */ = {isa = PBXFileReference; lastKnownFileType = sourcecode.swift; path = AppManager.swift; sourceTree = "<group>"; };
		CE4D551B2BEC432F0068D8BA /* TUSClientManager.swift */ = {isa = PBXFileReference; lastKnownFileType = sourcecode.swift; path = TUSClientManager.swift; sourceTree = "<group>"; };
		CE5DFC992C0771E5009E2633 /* .gitignore */ = {isa = PBXFileReference; lastKnownFileType = text; path = .gitignore; sourceTree = "<group>"; };
		CEA596B52BD9687700656E03 /* Storybox.app */ = {isa = PBXFileReference; explicitFileType = wrapper.application; includeInIndex = 0; path = Storybox.app; sourceTree = BUILT_PRODUCTS_DIR; };
		CEA596B82BD9687700656E03 /* StoryboxApp.swift */ = {isa = PBXFileReference; lastKnownFileType = sourcecode.swift; path = StoryboxApp.swift; sourceTree = "<group>"; };
		CEA596BC2BD9687800656E03 /* Assets.xcassets */ = {isa = PBXFileReference; lastKnownFileType = folder.assetcatalog; path = Assets.xcassets; sourceTree = "<group>"; };
		CEA596BF2BD9687800656E03 /* Preview Assets.xcassets */ = {isa = PBXFileReference; lastKnownFileType = folder.assetcatalog; path = "Preview Assets.xcassets"; sourceTree = "<group>"; };
		CEA596D52BD982EE00656E03 /* ColorPalette.swift */ = {isa = PBXFileReference; lastKnownFileType = sourcecode.swift; path = ColorPalette.swift; sourceTree = "<group>"; };
		CEA596DB2BD9868200656E03 /* Typography.swift */ = {isa = PBXFileReference; lastKnownFileType = sourcecode.swift; path = Typography.swift; sourceTree = "<group>"; };
		CEA596DF2BD98A1900656E03 /* Info.plist */ = {isa = PBXFileReference; lastKnownFileType = text.plist; path = Info.plist; sourceTree = "<group>"; };
		CEA596E02BD990FC00656E03 /* WelcomeView.swift */ = {isa = PBXFileReference; lastKnownFileType = sourcecode.swift; path = WelcomeView.swift; sourceTree = "<group>"; };
		CEA596E32BD9979600656E03 /* IntroVideoView.swift */ = {isa = PBXFileReference; lastKnownFileType = sourcecode.swift; path = IntroVideoView.swift; sourceTree = "<group>"; };
		CEA596E62BD9B7E700656E03 /* IntroVideo_old.mp4 */ = {isa = PBXFileReference; lastKnownFileType = file; path = IntroVideo_old.mp4; sourceTree = "<group>"; };
		CEA596EA2BD9BC7D00656E03 /* UserDataInputView.swift */ = {isa = PBXFileReference; lastKnownFileType = sourcecode.swift; path = UserDataInputView.swift; sourceTree = "<group>"; };
		CEA596EE2BD9C59B00656E03 /* ChooseTopicView.swift */ = {isa = PBXFileReference; lastKnownFileType = sourcecode.swift; path = ChooseTopicView.swift; sourceTree = "<group>"; };
		CEA596F02BD9C86F00656E03 /* CameraSettingsView.swift */ = {isa = PBXFileReference; lastKnownFileType = sourcecode.swift; path = CameraSettingsView.swift; sourceTree = "<group>"; };
		CEA596F22BD9CF0800656E03 /* AnswerQuestionView.swift */ = {isa = PBXFileReference; lastKnownFileType = sourcecode.swift; path = AnswerQuestionView.swift; sourceTree = "<group>"; };
		CEA596F42BD9D1EA00656E03 /* ConfirmAnswerView.swift */ = {isa = PBXFileReference; lastKnownFileType = sourcecode.swift; path = ConfirmAnswerView.swift; sourceTree = "<group>"; };
		CEA596F62BD9D3DC00656E03 /* ThankYouView.swift */ = {isa = PBXFileReference; lastKnownFileType = sourcecode.swift; path = ThankYouView.swift; sourceTree = "<group>"; };
		CEA596F82BDAFF4000656E03 /* AppState.swift */ = {isa = PBXFileReference; lastKnownFileType = sourcecode.swift; path = AppState.swift; sourceTree = "<group>"; };
		CEA596FA2BDAFF7800656E03 /* ContentView.swift */ = {isa = PBXFileReference; lastKnownFileType = sourcecode.swift; path = ContentView.swift; sourceTree = "<group>"; };
		CEA596FC2BDB1BD000656E03 /* CameraPreview.swift */ = {isa = PBXFileReference; lastKnownFileType = sourcecode.swift; path = CameraPreview.swift; sourceTree = "<group>"; };
		CEA596FE2BDB2F3300656E03 /* CameraSessionManager.swift */ = {isa = PBXFileReference; lastKnownFileType = sourcecode.swift; path = CameraSessionManager.swift; sourceTree = "<group>"; };
		CEA597082BDC780900656E03 /* FileURLManager.swift */ = {isa = PBXFileReference; lastKnownFileType = sourcecode.swift; path = FileURLManager.swift; sourceTree = "<group>"; };
		CEA597122BDE9E7800656E03 /* KeyboardInstructionsView.swift */ = {isa = PBXFileReference; fileEncoding = 4; lastKnownFileType = sourcecode.swift; path = KeyboardInstructionsView.swift; sourceTree = "<group>"; };
		CEA597172BDED16C00656E03 /* NoAccessoryTextField.swift */ = {isa = PBXFileReference; lastKnownFileType = sourcecode.swift; path = NoAccessoryTextField.swift; sourceTree = "<group>"; };
		CEA597192BDF01D600656E03 /* CustomVideoPlayer.swift */ = {isa = PBXFileReference; lastKnownFileType = sourcecode.swift; path = CustomVideoPlayer.swift; sourceTree = "<group>"; };
		CEA5971B2BE1B3E300656E03 /* AdminSettings.swift */ = {isa = PBXFileReference; lastKnownFileType = sourcecode.swift; path = AdminSettings.swift; sourceTree = "<group>"; };
		CEA5971D2BE1B41600656E03 /* AdminUpload.swift */ = {isa = PBXFileReference; lastKnownFileType = sourcecode.swift; path = AdminUpload.swift; sourceTree = "<group>"; };
		CEA5971F2BE1BA8600656E03 /* PrimaryButton.swift */ = {isa = PBXFileReference; lastKnownFileType = sourcecode.swift; path = PrimaryButton.swift; sourceTree = "<group>"; };
		CEA597252BE1C77100656E03 /* golos-ui_bold.ttf */ = {isa = PBXFileReference; lastKnownFileType = file; path = "golos-ui_bold.ttf"; sourceTree = "<group>"; };
		CEA597262BE1C78D00656E03 /* golos-ui_regular.ttf */ = {isa = PBXFileReference; lastKnownFileType = file; path = "golos-ui_regular.ttf"; sourceTree = "<group>"; };
		CEA5972B2BE1E8AD00656E03 /* Literata_36pt-Medium.ttf */ = {isa = PBXFileReference; lastKnownFileType = file; path = "Literata_36pt-Medium.ttf"; sourceTree = "<group>"; };
		CEC8A3192BE3380100702736 /* QuestionService.swift */ = {isa = PBXFileReference; lastKnownFileType = sourcecode.swift; path = QuestionService.swift; sourceTree = "<group>"; };
		CEC8A31B2BE3FE3100702736 /* AdminSettingsManager.swift */ = {isa = PBXFileReference; lastKnownFileType = sourcecode.swift; path = AdminSettingsManager.swift; sourceTree = "<group>"; };
		CEC8A31D2BE42EC300702736 /* NSSecureUnarchiveFromDataTransformer.swift */ = {isa = PBXFileReference; lastKnownFileType = sourcecode.swift; path = NSSecureUnarchiveFromDataTransformer.swift; sourceTree = "<group>"; };
		CECA4C5C2BE29989003A09FE /* ProvenanceService.swift */ = {isa = PBXFileReference; lastKnownFileType = sourcecode.swift; path = ProvenanceService.swift; sourceTree = "<group>"; };
		CECA4C612BE29C01003A09FE /* PersistentStore.swift */ = {isa = PBXFileReference; lastKnownFileType = sourcecode.swift; path = PersistentStore.swift; sourceTree = "<group>"; };
		CECA4C642BE29DF2003A09FE /* StoryboxModel.xcdatamodel */ = {isa = PBXFileReference; lastKnownFileType = wrapper.xcdatamodel; path = StoryboxModel.xcdatamodel; sourceTree = "<group>"; };
		CEEA9BC12BF13AB6001E5526 /* IntroVideo.mp4 */ = {isa = PBXFileReference; lastKnownFileType = file; path = IntroVideo.mp4; sourceTree = "<group>"; };
		CEEA9BC32BF13E7F001E5526 /* LegalDocumentsView.swift */ = {isa = PBXFileReference; lastKnownFileType = sourcecode.swift; path = LegalDocumentsView.swift; sourceTree = "<group>"; };
		CEEA9BC52BF154A5001E5526 /* WebView.swift */ = {isa = PBXFileReference; lastKnownFileType = sourcecode.swift; path = WebView.swift; sourceTree = "<group>"; };
/* End PBXFileReference section */

/* Begin PBXFrameworksBuildPhase section */
		CEA596B22BD9687700656E03 /* Frameworks */ = {
			isa = PBXFrameworksBuildPhase;
			buildActionMask = 2147483647;
			files = (
				CE4D551A2BEC38A30068D8BA /* TUSKit in Frameworks */,
			);
			runOnlyForDeploymentPostprocessing = 0;
		};
/* End PBXFrameworksBuildPhase section */

/* Begin PBXGroup section */
		CEA596AC2BD9687700656E03 = {
			isa = PBXGroup;
			children = (
				CEA596B72BD9687700656E03 /* Storybox */,
				CEA596B62BD9687700656E03 /* Products */,
			);
			sourceTree = "<group>";
		};
		CEA596B62BD9687700656E03 /* Products */ = {
			isa = PBXGroup;
			children = (
				CEA596B52BD9687700656E03 /* Storybox.app */,
			);
			name = Products;
			sourceTree = "<group>";
		};
		CEA596B72BD9687700656E03 /* Storybox */ = {
			isa = PBXGroup;
			children = (
				CEA596D22BD979B400656E03 /* Resources */,
				CEA596C92BD973ED00656E03 /* Helpers */,
				CEA596C82BD973DF00656E03 /* Controllers */,
				CEA596C72BD973D200656E03 /* Models */,
				CEA596C62BD973C600656E03 /* Views */,
				CEA596B82BD9687700656E03 /* StoryboxApp.swift */,
				CEA596F82BDAFF4000656E03 /* AppState.swift */,
				CEA596FA2BDAFF7800656E03 /* ContentView.swift */,
				CECA4C632BE29DF2003A09FE /* StoryboxModel.xcdatamodeld */,
				CEA596BC2BD9687800656E03 /* Assets.xcassets */,
				CEA596DF2BD98A1900656E03 /* Info.plist */,
				CEA596BE2BD9687800656E03 /* Preview Content */,
				CE5DFC992C0771E5009E2633 /* .gitignore */,
			);
			path = Storybox;
			sourceTree = "<group>";
		};
		CEA596BE2BD9687800656E03 /* Preview Content */ = {
			isa = PBXGroup;
			children = (
				CEA596BF2BD9687800656E03 /* Preview Assets.xcassets */,
			);
			path = "Preview Content";
			sourceTree = "<group>";
		};
		CEA596C62BD973C600656E03 /* Views */ = {
			isa = PBXGroup;
			children = (
				CEA597142BDECFD800656E03 /* ViewParts */,
				CEA596E02BD990FC00656E03 /* WelcomeView.swift */,
				CEA596E32BD9979600656E03 /* IntroVideoView.swift */,
				CEA597122BDE9E7800656E03 /* KeyboardInstructionsView.swift */,
				CEA596EA2BD9BC7D00656E03 /* UserDataInputView.swift */,
				CEA596EE2BD9C59B00656E03 /* ChooseTopicView.swift */,
				CEA596F02BD9C86F00656E03 /* CameraSettingsView.swift */,
				CEA596F22BD9CF0800656E03 /* AnswerQuestionView.swift */,
				CEA596F42BD9D1EA00656E03 /* ConfirmAnswerView.swift */,
				CEA596F62BD9D3DC00656E03 /* ThankYouView.swift */,
				CEA5971B2BE1B3E300656E03 /* AdminSettings.swift */,
				CEA5971D2BE1B41600656E03 /* AdminUpload.swift */,
			);
			path = Views;
			sourceTree = "<group>";
		};
		CEA596C72BD973D200656E03 /* Models */ = {
			isa = PBXGroup;
			children = (
			);
			name = Models;
			sourceTree = "<group>";
		};
		CEA596C82BD973DF00656E03 /* Controllers */ = {
			isa = PBXGroup;
			children = (
				CEA596FE2BDB2F3300656E03 /* CameraSessionManager.swift */,
				CEA597082BDC780900656E03 /* FileURLManager.swift */,
				CEC8A31B2BE3FE3100702736 /* AdminSettingsManager.swift */,
				CE4D550C2BE9A2B00068D8BA /* AudioSessionManager.swift */,
				CE4D55162BEAEC350068D8BA /* AppManager.swift */,
				CE4D551B2BEC432F0068D8BA /* TUSClientManager.swift */,
			);
			path = Controllers;
			sourceTree = "<group>";
		};
		CEA596C92BD973ED00656E03 /* Helpers */ = {
			isa = PBXGroup;
			children = (
				CECA4C5C2BE29989003A09FE /* ProvenanceService.swift */,
				CECA4C612BE29C01003A09FE /* PersistentStore.swift */,
				CE02A1672BE3119600A8F0A0 /* TopicService.swift */,
				CEC8A3192BE3380100702736 /* QuestionService.swift */,
				CEC8A31D2BE42EC300702736 /* NSSecureUnarchiveFromDataTransformer.swift */,
				CE4D550E2BEA79400068D8BA /* ItemService.swift */,
				CE4D55142BEAEB5B0068D8BA /* restartApp.swift */,
				CE1BAADC2C0A8EB60016C0C1 /* AudioHelper.swift */,
			);
			name = Helpers;
			sourceTree = "<group>";
		};
		CEA596CF2BD979B400656E03 /* Fonts */ = {
			isa = PBXGroup;
			children = (
				CEA5972B2BE1E8AD00656E03 /* Literata_36pt-Medium.ttf */,
				CEA597252BE1C77100656E03 /* golos-ui_bold.ttf */,
				CEA597262BE1C78D00656E03 /* golos-ui_regular.ttf */,
			);
			path = Fonts;
			sourceTree = "<group>";
		};
		CEA596D02BD979B400656E03 /* Media */ = {
			isa = PBXGroup;
			children = (
				CE1BAAE22C0A936C0016C0C1 /* error-sound.mp3 */,
				CEEA9BC12BF13AB6001E5526 /* IntroVideo.mp4 */,
				CEA596E62BD9B7E700656E03 /* IntroVideo_old.mp4 */,
			);
			path = Media;
			sourceTree = "<group>";
		};
		CEA596D12BD979B400656E03 /* Styles */ = {
			isa = PBXGroup;
			children = (
				CEA596D52BD982EE00656E03 /* ColorPalette.swift */,
				CEA596DB2BD9868200656E03 /* Typography.swift */,
			);
			path = Styles;
			sourceTree = "<group>";
		};
		CEA596D22BD979B400656E03 /* Resources */ = {
			isa = PBXGroup;
			children = (
				CEA596CF2BD979B400656E03 /* Fonts */,
				CEA596D02BD979B400656E03 /* Media */,
				CEA596D12BD979B400656E03 /* Styles */,
			);
			path = Resources;
			sourceTree = "<group>";
		};
		CEA597142BDECFD800656E03 /* ViewParts */ = {
			isa = PBXGroup;
			children = (
				CEA596FC2BDB1BD000656E03 /* CameraPreview.swift */,
				CEA597172BDED16C00656E03 /* NoAccessoryTextField.swift */,
				CEA597192BDF01D600656E03 /* CustomVideoPlayer.swift */,
				CEA5971F2BE1BA8600656E03 /* PrimaryButton.swift */,
				CEEA9BC32BF13E7F001E5526 /* LegalDocumentsView.swift */,
				CEEA9BC52BF154A5001E5526 /* WebView.swift */,
			);
			path = ViewParts;
			sourceTree = "<group>";
		};
/* End PBXGroup section */

/* Begin PBXNativeTarget section */
		CEA596B42BD9687700656E03 /* Storybox */ = {
			isa = PBXNativeTarget;
			buildConfigurationList = CEA596C32BD9687800656E03 /* Build configuration list for PBXNativeTarget "Storybox" */;
			buildPhases = (
				CEA596B12BD9687700656E03 /* Sources */,
				CEA596B22BD9687700656E03 /* Frameworks */,
				CEA596B32BD9687700656E03 /* Resources */,
			);
			buildRules = (
			);
			dependencies = (
			);
			name = Storybox;
			packageProductDependencies = (
				CE4D55192BEC38A30068D8BA /* TUSKit */,
			);
			productName = Storybox;
			productReference = CEA596B52BD9687700656E03 /* Storybox.app */;
			productType = "com.apple.product-type.application";
		};
/* End PBXNativeTarget section */

/* Begin PBXProject section */
		CEA596AD2BD9687700656E03 /* Project object */ = {
			isa = PBXProject;
			attributes = {
				BuildIndependentTargetsInParallel = 1;
				LastSwiftUpdateCheck = 1530;
				LastUpgradeCheck = 1530;
				TargetAttributes = {
					CEA596B42BD9687700656E03 = {
						CreatedOnToolsVersion = 15.3;
					};
				};
			};
			buildConfigurationList = CEA596B02BD9687700656E03 /* Build configuration list for PBXProject "Storybox" */;
			compatibilityVersion = "Xcode 14.0";
			developmentRegion = en;
			hasScannedForEncodings = 0;
			knownRegions = (
				en,
				Base,
			);
			mainGroup = CEA596AC2BD9687700656E03;
			packageReferences = (
				CE4D55182BEC38A30068D8BA /* XCRemoteSwiftPackageReference "TUSKit" */,
			);
			productRefGroup = CEA596B62BD9687700656E03 /* Products */;
			projectDirPath = "";
			projectRoot = "";
			targets = (
				CEA596B42BD9687700656E03 /* Storybox */,
			);
		};
/* End PBXProject section */

/* Begin PBXResourcesBuildPhase section */
		CEA596B32BD9687700656E03 /* Resources */ = {
			isa = PBXResourcesBuildPhase;
			buildActionMask = 2147483647;
			files = (
				CEEA9BC22BF13BD3001E5526 /* IntroVideo.mp4 in Resources */,
				CE5DFC9A2C0771E5009E2633 /* .gitignore in Resources */,
				CEA5972C2BE1E8C100656E03 /* Literata_36pt-Medium.ttf in Resources */,
				CEA597282BE1CBB600656E03 /* golos-ui_regular.ttf in Resources */,
				CEA597272BE1CBB100656E03 /* golos-ui_bold.ttf in Resources */,
				CE1BAAE32C0A936C0016C0C1 /* error-sound.mp3 in Resources */,
				CEA596C02BD9687800656E03 /* Preview Assets.xcassets in Resources */,
				CEA596BD2BD9687800656E03 /* Assets.xcassets in Resources */,
			);
			runOnlyForDeploymentPostprocessing = 0;
		};
/* End PBXResourcesBuildPhase section */

/* Begin PBXSourcesBuildPhase section */
		CEA596B12BD9687700656E03 /* Sources */ = {
			isa = PBXSourcesBuildPhase;
			buildActionMask = 2147483647;
			files = (
				CEA596FD2BDB1BD000656E03 /* CameraPreview.swift in Sources */,
				CEA596EF2BD9C59B00656E03 /* ChooseTopicView.swift in Sources */,
				CEA596FB2BDAFF7800656E03 /* ContentView.swift in Sources */,
				CEA597092BDC780900656E03 /* FileURLManager.swift in Sources */,
				CEA5971C2BE1B3E300656E03 /* AdminSettings.swift in Sources */,
				CECA4C622BE29C01003A09FE /* PersistentStore.swift in Sources */,
				CEA596B92BD9687700656E03 /* StoryboxApp.swift in Sources */,
				CE4D550D2BE9A2B00068D8BA /* AudioSessionManager.swift in Sources */,
				CEA596DC2BD9868200656E03 /* Typography.swift in Sources */,
				CEA596F52BD9D1EA00656E03 /* ConfirmAnswerView.swift in Sources */,
				CEA5971A2BDF01D600656E03 /* CustomVideoPlayer.swift in Sources */,
				CEA597182BDED16C00656E03 /* NoAccessoryTextField.swift in Sources */,
				CEEA9BC42BF13E7F001E5526 /* LegalDocumentsView.swift in Sources */,
				CEA596F12BD9C86F00656E03 /* CameraSettingsView.swift in Sources */,
				CEA597132BDE9E7800656E03 /* KeyboardInstructionsView.swift in Sources */,
				CE02A1682BE3119600A8F0A0 /* TopicService.swift in Sources */,
				CEC8A31C2BE3FE3100702736 /* AdminSettingsManager.swift in Sources */,
				CEA597202BE1BA8600656E03 /* PrimaryButton.swift in Sources */,
				CE4D55152BEAEB5B0068D8BA /* restartApp.swift in Sources */,
				CE4D55172BEAEC350068D8BA /* AppManager.swift in Sources */,
				CE4D551C2BEC432F0068D8BA /* TUSClientManager.swift in Sources */,
				CEC8A31E2BE42EC300702736 /* NSSecureUnarchiveFromDataTransformer.swift in Sources */,
				CE4D550F2BEA79400068D8BA /* ItemService.swift in Sources */,
				CEA596E42BD9979600656E03 /* IntroVideoView.swift in Sources */,
				CEA596F32BD9CF0800656E03 /* AnswerQuestionView.swift in Sources */,
				CEA596EB2BD9BC7D00656E03 /* UserDataInputView.swift in Sources */,
				CEA596D62BD982EE00656E03 /* ColorPalette.swift in Sources */,
				CEA596F92BDAFF4000656E03 /* AppState.swift in Sources */,
				CEA596FF2BDB2F3300656E03 /* CameraSessionManager.swift in Sources */,
				CECA4C5D2BE29989003A09FE /* ProvenanceService.swift in Sources */,
				CEA5971E2BE1B41600656E03 /* AdminUpload.swift in Sources */,
				CECA4C652BE29DF2003A09FE /* StoryboxModel.xcdatamodeld in Sources */,
				CEC8A31A2BE3380100702736 /* QuestionService.swift in Sources */,
				CEEA9BC62BF154A5001E5526 /* WebView.swift in Sources */,
				CEA596E12BD990FC00656E03 /* WelcomeView.swift in Sources */,
				CE1BAADD2C0A8EB60016C0C1 /* AudioHelper.swift in Sources */,
				CEA596F72BD9D3DC00656E03 /* ThankYouView.swift in Sources */,
			);
			runOnlyForDeploymentPostprocessing = 0;
		};
/* End PBXSourcesBuildPhase section */

/* Begin XCBuildConfiguration section */
		CEA596C12BD9687800656E03 /* Debug */ = {
			isa = XCBuildConfiguration;
			buildSettings = {
				ALWAYS_SEARCH_USER_PATHS = NO;
				ASSETCATALOG_COMPILER_GENERATE_SWIFT_ASSET_SYMBOL_EXTENSIONS = YES;
				CLANG_ANALYZER_NONNULL = YES;
				CLANG_ANALYZER_NUMBER_OBJECT_CONVERSION = YES_AGGRESSIVE;
				CLANG_CXX_LANGUAGE_STANDARD = "gnu++20";
				CLANG_ENABLE_MODULES = YES;
				CLANG_ENABLE_OBJC_ARC = YES;
				CLANG_ENABLE_OBJC_WEAK = YES;
				CLANG_WARN_BLOCK_CAPTURE_AUTORELEASING = YES;
				CLANG_WARN_BOOL_CONVERSION = YES;
				CLANG_WARN_COMMA = YES;
				CLANG_WARN_CONSTANT_CONVERSION = YES;
				CLANG_WARN_DEPRECATED_OBJC_IMPLEMENTATIONS = YES;
				CLANG_WARN_DIRECT_OBJC_ISA_USAGE = YES_ERROR;
				CLANG_WARN_DOCUMENTATION_COMMENTS = YES;
				CLANG_WARN_EMPTY_BODY = YES;
				CLANG_WARN_ENUM_CONVERSION = YES;
				CLANG_WARN_INFINITE_RECURSION = YES;
				CLANG_WARN_INT_CONVERSION = YES;
				CLANG_WARN_NON_LITERAL_NULL_CONVERSION = YES;
				CLANG_WARN_OBJC_IMPLICIT_RETAIN_SELF = YES;
				CLANG_WARN_OBJC_LITERAL_CONVERSION = YES;
				CLANG_WARN_OBJC_ROOT_CLASS = YES_ERROR;
				CLANG_WARN_QUOTED_INCLUDE_IN_FRAMEWORK_HEADER = YES;
				CLANG_WARN_RANGE_LOOP_ANALYSIS = YES;
				CLANG_WARN_STRICT_PROTOTYPES = YES;
				CLANG_WARN_SUSPICIOUS_MOVE = YES;
				CLANG_WARN_UNGUARDED_AVAILABILITY = YES_AGGRESSIVE;
				CLANG_WARN_UNREACHABLE_CODE = YES;
				CLANG_WARN__DUPLICATE_METHOD_MATCH = YES;
				COPY_PHASE_STRIP = NO;
				DEBUG_INFORMATION_FORMAT = dwarf;
				ENABLE_STRICT_OBJC_MSGSEND = YES;
				ENABLE_TESTABILITY = YES;
				ENABLE_USER_SCRIPT_SANDBOXING = YES;
				GCC_C_LANGUAGE_STANDARD = gnu17;
				GCC_DYNAMIC_NO_PIC = NO;
				GCC_NO_COMMON_BLOCKS = YES;
				GCC_OPTIMIZATION_LEVEL = 0;
				GCC_PREPROCESSOR_DEFINITIONS = (
					"DEBUG=1",
					"$(inherited)",
				);
				GCC_WARN_64_TO_32_BIT_CONVERSION = YES;
				GCC_WARN_ABOUT_RETURN_TYPE = YES_ERROR;
				GCC_WARN_UNDECLARED_SELECTOR = YES;
				GCC_WARN_UNINITIALIZED_AUTOS = YES_AGGRESSIVE;
				GCC_WARN_UNUSED_FUNCTION = YES;
				GCC_WARN_UNUSED_VARIABLE = YES;
				IPHONEOS_DEPLOYMENT_TARGET = 17.4;
				LOCALIZATION_PREFERS_STRING_CATALOGS = YES;
				MTL_ENABLE_DEBUG_INFO = INCLUDE_SOURCE;
				MTL_FAST_MATH = YES;
				ONLY_ACTIVE_ARCH = YES;
				SDKROOT = iphoneos;
				SWIFT_ACTIVE_COMPILATION_CONDITIONS = "DEBUG $(inherited)";
				SWIFT_OPTIMIZATION_LEVEL = "-Onone";
			};
			name = Debug;
		};
		CEA596C22BD9687800656E03 /* Release */ = {
			isa = XCBuildConfiguration;
			buildSettings = {
				ALWAYS_SEARCH_USER_PATHS = NO;
				ASSETCATALOG_COMPILER_GENERATE_SWIFT_ASSET_SYMBOL_EXTENSIONS = YES;
				CLANG_ANALYZER_NONNULL = YES;
				CLANG_ANALYZER_NUMBER_OBJECT_CONVERSION = YES_AGGRESSIVE;
				CLANG_CXX_LANGUAGE_STANDARD = "gnu++20";
				CLANG_ENABLE_MODULES = YES;
				CLANG_ENABLE_OBJC_ARC = YES;
				CLANG_ENABLE_OBJC_WEAK = YES;
				CLANG_WARN_BLOCK_CAPTURE_AUTORELEASING = YES;
				CLANG_WARN_BOOL_CONVERSION = YES;
				CLANG_WARN_COMMA = YES;
				CLANG_WARN_CONSTANT_CONVERSION = YES;
				CLANG_WARN_DEPRECATED_OBJC_IMPLEMENTATIONS = YES;
				CLANG_WARN_DIRECT_OBJC_ISA_USAGE = YES_ERROR;
				CLANG_WARN_DOCUMENTATION_COMMENTS = YES;
				CLANG_WARN_EMPTY_BODY = YES;
				CLANG_WARN_ENUM_CONVERSION = YES;
				CLANG_WARN_INFINITE_RECURSION = YES;
				CLANG_WARN_INT_CONVERSION = YES;
				CLANG_WARN_NON_LITERAL_NULL_CONVERSION = YES;
				CLANG_WARN_OBJC_IMPLICIT_RETAIN_SELF = YES;
				CLANG_WARN_OBJC_LITERAL_CONVERSION = YES;
				CLANG_WARN_OBJC_ROOT_CLASS = YES_ERROR;
				CLANG_WARN_QUOTED_INCLUDE_IN_FRAMEWORK_HEADER = YES;
				CLANG_WARN_RANGE_LOOP_ANALYSIS = YES;
				CLANG_WARN_STRICT_PROTOTYPES = YES;
				CLANG_WARN_SUSPICIOUS_MOVE = YES;
				CLANG_WARN_UNGUARDED_AVAILABILITY = YES_AGGRESSIVE;
				CLANG_WARN_UNREACHABLE_CODE = YES;
				CLANG_WARN__DUPLICATE_METHOD_MATCH = YES;
				COPY_PHASE_STRIP = NO;
				DEBUG_INFORMATION_FORMAT = "dwarf-with-dsym";
				ENABLE_NS_ASSERTIONS = NO;
				ENABLE_STRICT_OBJC_MSGSEND = YES;
				ENABLE_USER_SCRIPT_SANDBOXING = YES;
				GCC_C_LANGUAGE_STANDARD = gnu17;
				GCC_NO_COMMON_BLOCKS = YES;
				GCC_WARN_64_TO_32_BIT_CONVERSION = YES;
				GCC_WARN_ABOUT_RETURN_TYPE = YES_ERROR;
				GCC_WARN_UNDECLARED_SELECTOR = YES;
				GCC_WARN_UNINITIALIZED_AUTOS = YES_AGGRESSIVE;
				GCC_WARN_UNUSED_FUNCTION = YES;
				GCC_WARN_UNUSED_VARIABLE = YES;
				IPHONEOS_DEPLOYMENT_TARGET = 17.4;
				LOCALIZATION_PREFERS_STRING_CATALOGS = YES;
				MTL_ENABLE_DEBUG_INFO = NO;
				MTL_FAST_MATH = YES;
				SDKROOT = iphoneos;
				SWIFT_COMPILATION_MODE = wholemodule;
				VALIDATE_PRODUCT = YES;
			};
			name = Release;
		};
		CEA596C42BD9687800656E03 /* Debug */ = {
			isa = XCBuildConfiguration;
			buildSettings = {
				ASSETCATALOG_COMPILER_APPICON_NAME = AppIcon;
				ASSETCATALOG_COMPILER_GLOBAL_ACCENT_COLOR_NAME = AccentColor;
				CODE_SIGN_IDENTITY = "Apple Development";
				CODE_SIGN_STYLE = Automatic;
				CURRENT_PROJECT_VERSION = 1;
				DEVELOPMENT_ASSET_PATHS = "\"Storybox/Preview Content\"";
				DEVELOPMENT_TEAM = G9PBUNAZKM;
				ENABLE_PREVIEWS = YES;
				GENERATE_INFOPLIST_FILE = YES;
				INFOPLIST_FILE = Storybox/Info.plist;
				INFOPLIST_KEY_UIApplicationSceneManifest_Generation = YES;
				INFOPLIST_KEY_UIApplicationSupportsIndirectInputEvents = YES;
				INFOPLIST_KEY_UILaunchScreen_Generation = YES;
				INFOPLIST_KEY_UIRequiresFullScreen = YES;
				INFOPLIST_KEY_UISupportedInterfaceOrientations = "UIInterfaceOrientationLandscapeLeft UIInterfaceOrientationLandscapeRight UIInterfaceOrientationPortrait";
				INFOPLIST_KEY_UISupportedInterfaceOrientations_iPad = "UIInterfaceOrientationLandscapeLeft UIInterfaceOrientationLandscapeRight";
				IPHONEOS_DEPLOYMENT_TARGET = 17.4;
				LD_RUNPATH_SEARCH_PATHS = (
					"$(inherited)",
					"@executable_path/Frameworks",
				);
				MARKETING_VERSION = 1.4.;
				PRODUCT_BUNDLE_IDENTIFIER = com.bombig.Storybox;
				PRODUCT_NAME = "$(TARGET_NAME)";
				PROVISIONING_PROFILE_SPECIFIER = "";
				SUPPORTED_PLATFORMS = "iphoneos iphonesimulator";
				SUPPORTS_MACCATALYST = NO;
				SUPPORTS_MAC_DESIGNED_FOR_IPHONE_IPAD = NO;
				SUPPORTS_XR_DESIGNED_FOR_IPHONE_IPAD = NO;
				SWIFT_EMIT_LOC_STRINGS = YES;
				SWIFT_VERSION = 5.0;
				TARGETED_DEVICE_FAMILY = 2;
			};
			name = Debug;
		};
		CEA596C52BD9687800656E03 /* Release */ = {
			isa = XCBuildConfiguration;
			buildSettings = {
				ASSETCATALOG_COMPILER_APPICON_NAME = AppIcon;
				ASSETCATALOG_COMPILER_GLOBAL_ACCENT_COLOR_NAME = AccentColor;
				CODE_SIGN_IDENTITY = "Apple Development";
				CODE_SIGN_STYLE = Automatic;
				CURRENT_PROJECT_VERSION = 1;
				DEVELOPMENT_ASSET_PATHS = "\"Storybox/Preview Content\"";
				DEVELOPMENT_TEAM = G9PBUNAZKM;
				ENABLE_PREVIEWS = YES;
				GENERATE_INFOPLIST_FILE = YES;
				INFOPLIST_FILE = Storybox/Info.plist;
				INFOPLIST_KEY_UIApplicationSceneManifest_Generation = YES;
				INFOPLIST_KEY_UIApplicationSupportsIndirectInputEvents = YES;
				INFOPLIST_KEY_UILaunchScreen_Generation = YES;
				INFOPLIST_KEY_UIRequiresFullScreen = YES;
				INFOPLIST_KEY_UISupportedInterfaceOrientations = "UIInterfaceOrientationLandscapeLeft UIInterfaceOrientationLandscapeRight UIInterfaceOrientationPortrait";
				INFOPLIST_KEY_UISupportedInterfaceOrientations_iPad = "UIInterfaceOrientationLandscapeLeft UIInterfaceOrientationLandscapeRight";
				IPHONEOS_DEPLOYMENT_TARGET = 17.4;
				LD_RUNPATH_SEARCH_PATHS = (
					"$(inherited)",
					"@executable_path/Frameworks",
				);
				MARKETING_VERSION = 1.4.;
				PRODUCT_BUNDLE_IDENTIFIER = com.bombig.Storybox;
				PRODUCT_NAME = "$(TARGET_NAME)";
				PROVISIONING_PROFILE_SPECIFIER = "";
				SUPPORTED_PLATFORMS = "iphoneos iphonesimulator";
				SUPPORTS_MACCATALYST = NO;
				SUPPORTS_MAC_DESIGNED_FOR_IPHONE_IPAD = NO;
				SUPPORTS_XR_DESIGNED_FOR_IPHONE_IPAD = NO;
				SWIFT_EMIT_LOC_STRINGS = YES;
				SWIFT_VERSION = 5.0;
				TARGETED_DEVICE_FAMILY = 2;
			};
			name = Release;
		};
/* End XCBuildConfiguration section */

/* Begin XCConfigurationList section */
		CEA596B02BD9687700656E03 /* Build configuration list for PBXProject "Storybox" */ = {
			isa = XCConfigurationList;
			buildConfigurations = (
				CEA596C12BD9687800656E03 /* Debug */,
				CEA596C22BD9687800656E03 /* Release */,
			);
			defaultConfigurationIsVisible = 0;
			defaultConfigurationName = Release;
		};
		CEA596C32BD9687800656E03 /* Build configuration list for PBXNativeTarget "Storybox" */ = {
			isa = XCConfigurationList;
			buildConfigurations = (
				CEA596C42BD9687800656E03 /* Debug */,
				CEA596C52BD9687800656E03 /* Release */,
			);
			defaultConfigurationIsVisible = 0;
			defaultConfigurationName = Release;
		};
/* End XCConfigurationList section */

/* Begin XCRemoteSwiftPackageReference section */
		CE4D55182BEC38A30068D8BA /* XCRemoteSwiftPackageReference "TUSKit" */ = {
			isa = XCRemoteSwiftPackageReference;
			repositoryURL = "https://github.com/tus/TUSKit";
			requirement = {
				kind = upToNextMajorVersion;
				minimumVersion = 3.3.0;
			};
		};
/* End XCRemoteSwiftPackageReference section */

/* Begin XCSwiftPackageProductDependency section */
		CE4D55192BEC38A30068D8BA /* TUSKit */ = {
			isa = XCSwiftPackageProductDependency;
			package = CE4D55182BEC38A30068D8BA /* XCRemoteSwiftPackageReference "TUSKit" */;
			productName = TUSKit;
		};
/* End XCSwiftPackageProductDependency section */

/* Begin XCVersionGroup section */
		CECA4C632BE29DF2003A09FE /* StoryboxModel.xcdatamodeld */ = {
			isa = XCVersionGroup;
			children = (
				CECA4C642BE29DF2003A09FE /* StoryboxModel.xcdatamodel */,
			);
			currentVersion = CECA4C642BE29DF2003A09FE /* StoryboxModel.xcdatamodel */;
			name = StoryboxModel.xcdatamodeld;
			path = /Users/user/Dev/Storybox/Storybox/StoryboxModel.xcdatamodeld;
			sourceTree = "<group>";
			versionGroupType = wrapper.xcdatamodel;
		};
/* End XCVersionGroup section */
	};
	rootObject = CEA596AD2BD9687700656E03 /* Project object */;
}
